
Microsoft Visual Studio Solution File, Format Version 12.00
# Visual Studio Version 17
VisualStudioVersion = 17.11.35303.130
MinimumVisualStudioVersion = 10.0.40219.1
Project("{FAE04EC0-301F-11D3-BF4B-00C04F79EFBC}") = "AutoveloxProject.WebAPI", "AutoveloxProject.WebAPI\AutoveloxProject.WebAPI.csproj", "{1DB4F99D-02BB-4F55-8175-D64753E3F31F}"
EndProject
Project("{FAE04EC0-301F-11D3-BF4B-00C04F79EFBC}") = "Autovelox.Data", "Autovelox.Data\Autovelox.Data.csproj", "{D2B9A25A-870B-4CCA-88DA-6B729647E3EA}"
EndProject
Project("{FAE04EC0-301F-11D3-BF4B-00C04F79EFBC}") = "AutoveloxProject.WebFrontEnd", "AutoveloxProject.WebFrontEnd\AutoveloxProject.WebFrontEnd.csproj", "{6CB56D7A-A9B7-49A1-9046-E7DA4911B59C}"
EndProject
Global
	GlobalSection(SolutionConfigurationPlatforms) = preSolution
		Debug|Any CPU = Debug|Any CPU
		Release|Any CPU = Release|Any CPU
	EndGlobalSection
	GlobalSection(ProjectConfigurationPlatforms) = postSolution
		{1DB4F99D-02BB-4F55-8175-D64753E3F31F}.Debug|Any CPU.ActiveCfg = Debug|Any CPU
		{1DB4F99D-02BB-4F55-8175-D64753E3F31F}.Debug|Any CPU.Build.0 = Debug|Any CPU
		{1DB4F99D-02BB-4F55-8175-D64753E3F31F}.Release|Any CPU.ActiveCfg = Release|Any CPU
		{1DB4F99D-02BB-4F55-8175-D64753E3F31F}.Release|Any CPU.Build.0 = Release|Any CPU
		{D2B9A25A-870B-4CCA-88DA-6B729647E3EA}.Debug|Any CPU.ActiveCfg = Debug|Any CPU
		{D2B9A25A-870B-4CCA-88DA-6B729647E3EA}.Debug|Any CPU.Build.0 = Debug|Any CPU
		{D2B9A25A-870B-4CCA-88DA-6B729647E3EA}.Release|Any CPU.ActiveCfg = Release|Any CPU
		{D2B9A25A-870B-4CCA-88DA-6B729647E3EA}.Release|Any CPU.Build.0 = Release|Any CPU
		{6CB56D7A-A9B7-49A1-9046-E7DA4911B59C}.Debug|Any CPU.ActiveCfg = Debug|Any CPU
		{6CB56D7A-A9B7-49A1-9046-E7DA4911B59C}.Debug|Any CPU.Build.0 = Debug|Any CPU
		{6CB56D7A-A9B7-49A1-9046-E7DA4911B59C}.Release|Any CPU.ActiveCfg = Release|Any CPU
		{6CB56D7A-A9B7-49A1-9046-E7DA4911B59C}.Release|Any CPU.Build.0 = Release|Any CPU
	EndGlobalSection
	GlobalSection(SolutionProperties) = preSolution
		HideSolutionNode = FALSE
	EndGlobalSection
	GlobalSection(ExtensibilityGlobals) = postSolution
		SolutionGuid = {8323F71E-42B1-47CD-B5DF-5981E617C410}
	EndGlobalSection
EndGlobal
